// !$*UTF8*$!
{
	archiveVersion = 1;
	classes = {
	};
	objectVersion = 55;
	objects = {

/* Begin PBXBuildFile section */
		008A03D671B24AD90DD712BF /* Pods_Cookpad_Collections.framework in Frameworks */ = {isa = PBXBuildFile; fileRef = 490D7DA4BF0CAF886A656169 /* Pods_Cookpad_Collections.framework */; };
		E4AD239D27835CA900477E7A /* AppDelegate.swift in Sources */ = {isa = PBXBuildFile; fileRef = E4AD239C27835CA900477E7A /* AppDelegate.swift */; };
		E4AD239F27835CA900477E7A /* SceneDelegate.swift in Sources */ = {isa = PBXBuildFile; fileRef = E4AD239E27835CA900477E7A /* SceneDelegate.swift */; };
		E4AD23A127835CA900477E7A /* RecipeCollectionsViewController.swift in Sources */ = {isa = PBXBuildFile; fileRef = E4AD23A027835CA900477E7A /* RecipeCollectionsViewController.swift */; };
		E4AD23A427835CA900477E7A /* Main.storyboard in Resources */ = {isa = PBXBuildFile; fileRef = E4AD23A227835CA900477E7A /* Main.storyboard */; };
		E4AD23A627835CAF00477E7A /* Assets.xcassets in Resources */ = {isa = PBXBuildFile; fileRef = E4AD23A527835CAF00477E7A /* Assets.xcassets */; };
		E4AD23A927835CAF00477E7A /* LaunchScreen.storyboard in Resources */ = {isa = PBXBuildFile; fileRef = E4AD23A727835CAF00477E7A /* LaunchScreen.storyboard */; };
		E4AD23B12783ADEE00477E7A /* RecipeListViewController.swift in Sources */ = {isa = PBXBuildFile; fileRef = E4AD23B02783ADEE00477E7A /* RecipeListViewController.swift */; };
		E4AD23B32783AE1A00477E7A /* RecipeDetailsViewController.swift in Sources */ = {isa = PBXBuildFile; fileRef = E4AD23B22783AE1A00477E7A /* RecipeDetailsViewController.swift */; };
		E4AD23B72783B18B00477E7A /* RecipeCollectionCell.swift in Sources */ = {isa = PBXBuildFile; fileRef = E4AD23B62783B18B00477E7A /* RecipeCollectionCell.swift */; };
		E4AD23B92783B1A800477E7A /* RecipeCell.swift in Sources */ = {isa = PBXBuildFile; fileRef = E4AD23B82783B1A800477E7A /* RecipeCell.swift */; };
		E4AD23BC2783B1D400477E7A /* Constants.swift in Sources */ = {isa = PBXBuildFile; fileRef = E4AD23BB2783B1D400477E7A /* Constants.swift */; };
		E4AD23BE2783B82200477E7A /* Recipe.swift in Sources */ = {isa = PBXBuildFile; fileRef = E4AD23BD2783B82200477E7A /* Recipe.swift */; };
		E4AD23C12783B8AA00477E7A /* RecipeCollection.swift in Sources */ = {isa = PBXBuildFile; fileRef = E4AD23C02783B8AA00477E7A /* RecipeCollection.swift */; };
		E4AD23C32783B91E00477E7A /* RecipeManager.swift in Sources */ = {isa = PBXBuildFile; fileRef = E4AD23C22783B91E00477E7A /* RecipeManager.swift */; };
		E4AD23C52783B93C00477E7A /* NetworkManager.swift in Sources */ = {isa = PBXBuildFile; fileRef = E4AD23C42783B93C00477E7A /* NetworkManager.swift */; };
		E4AD23C82784735400477E7A /* NukeManager.swift in Sources */ = {isa = PBXBuildFile; fileRef = E4AD23C72784735400477E7A /* NukeManager.swift */; };
		E4EF94BE27848D2A002A894B /* RecipesLayoutManager.swift in Sources */ = {isa = PBXBuildFile; fileRef = E4EF94BD27848D2A002A894B /* RecipesLayoutManager.swift */; };
		E4EF94C127848EA7002A894B /* LoadingViewController.swift in Sources */ = {isa = PBXBuildFile; fileRef = E4EF94C027848EA7002A894B /* LoadingViewController.swift */; };
/* End PBXBuildFile section */

/* Begin PBXFileReference section */
		1D3FF7147C526133F916016A /* Pods-Cookpad Collections.debug.xcconfig */ = {isa = PBXFileReference; includeInIndex = 1; lastKnownFileType = text.xcconfig; name = "Pods-Cookpad Collections.debug.xcconfig"; path = "Target Support Files/Pods-Cookpad Collections/Pods-Cookpad Collections.debug.xcconfig"; sourceTree = "<group>"; };
		490D7DA4BF0CAF886A656169 /* Pods_Cookpad_Collections.framework */ = {isa = PBXFileReference; explicitFileType = wrapper.framework; includeInIndex = 0; path = Pods_Cookpad_Collections.framework; sourceTree = BUILT_PRODUCTS_DIR; };
		B985E9D73E4C3AD5810C293C /* Pods-Cookpad Collections.release.xcconfig */ = {isa = PBXFileReference; includeInIndex = 1; lastKnownFileType = text.xcconfig; name = "Pods-Cookpad Collections.release.xcconfig"; path = "Target Support Files/Pods-Cookpad Collections/Pods-Cookpad Collections.release.xcconfig"; sourceTree = "<group>"; };
		E4AD239927835CA900477E7A /* Cookpad Collections.app */ = {isa = PBXFileReference; explicitFileType = wrapper.application; includeInIndex = 0; path = "Cookpad Collections.app"; sourceTree = BUILT_PRODUCTS_DIR; };
		E4AD239C27835CA900477E7A /* AppDelegate.swift */ = {isa = PBXFileReference; lastKnownFileType = sourcecode.swift; path = AppDelegate.swift; sourceTree = "<group>"; };
		E4AD239E27835CA900477E7A /* SceneDelegate.swift */ = {isa = PBXFileReference; lastKnownFileType = sourcecode.swift; path = SceneDelegate.swift; sourceTree = "<group>"; };
		E4AD23A027835CA900477E7A /* RecipeCollectionsViewController.swift */ = {isa = PBXFileReference; lastKnownFileType = sourcecode.swift; path = RecipeCollectionsViewController.swift; sourceTree = "<group>"; };
		E4AD23A327835CA900477E7A /* Base */ = {isa = PBXFileReference; lastKnownFileType = file.storyboard; name = Base; path = Base.lproj/Main.storyboard; sourceTree = "<group>"; };
		E4AD23A527835CAF00477E7A /* Assets.xcassets */ = {isa = PBXFileReference; lastKnownFileType = folder.assetcatalog; path = Assets.xcassets; sourceTree = "<group>"; };
		E4AD23A827835CAF00477E7A /* Base */ = {isa = PBXFileReference; lastKnownFileType = file.storyboard; name = Base; path = Base.lproj/LaunchScreen.storyboard; sourceTree = "<group>"; };
		E4AD23AA27835CAF00477E7A /* Info.plist */ = {isa = PBXFileReference; lastKnownFileType = text.plist.xml; path = Info.plist; sourceTree = "<group>"; };
		E4AD23B02783ADEE00477E7A /* RecipeListViewController.swift */ = {isa = PBXFileReference; lastKnownFileType = sourcecode.swift; path = RecipeListViewController.swift; sourceTree = "<group>"; };
		E4AD23B22783AE1A00477E7A /* RecipeDetailsViewController.swift */ = {isa = PBXFileReference; lastKnownFileType = sourcecode.swift; path = RecipeDetailsViewController.swift; sourceTree = "<group>"; };
		E4AD23B62783B18B00477E7A /* RecipeCollectionCell.swift */ = {isa = PBXFileReference; lastKnownFileType = sourcecode.swift; path = RecipeCollectionCell.swift; sourceTree = "<group>"; };
		E4AD23B82783B1A800477E7A /* RecipeCell.swift */ = {isa = PBXFileReference; lastKnownFileType = sourcecode.swift; path = RecipeCell.swift; sourceTree = "<group>"; };
		E4AD23BB2783B1D400477E7A /* Constants.swift */ = {isa = PBXFileReference; lastKnownFileType = sourcecode.swift; path = Constants.swift; sourceTree = "<group>"; };
		E4AD23BD2783B82200477E7A /* Recipe.swift */ = {isa = PBXFileReference; lastKnownFileType = sourcecode.swift; path = Recipe.swift; sourceTree = "<group>"; };
		E4AD23C02783B8AA00477E7A /* RecipeCollection.swift */ = {isa = PBXFileReference; lastKnownFileType = sourcecode.swift; path = RecipeCollection.swift; sourceTree = "<group>"; };
		E4AD23C22783B91E00477E7A /* RecipeManager.swift */ = {isa = PBXFileReference; lastKnownFileType = sourcecode.swift; path = RecipeManager.swift; sourceTree = "<group>"; };
		E4AD23C42783B93C00477E7A /* NetworkManager.swift */ = {isa = PBXFileReference; lastKnownFileType = sourcecode.swift; path = NetworkManager.swift; sourceTree = "<group>"; };
		E4AD23C72784735400477E7A /* NukeManager.swift */ = {isa = PBXFileReference; lastKnownFileType = sourcecode.swift; path = NukeManager.swift; sourceTree = "<group>"; };
		E4EF94BD27848D2A002A894B /* RecipesLayoutManager.swift */ = {isa = PBXFileReference; lastKnownFileType = sourcecode.swift; path = RecipesLayoutManager.swift; sourceTree = "<group>"; };
		E4EF94C027848EA7002A894B /* LoadingViewController.swift */ = {isa = PBXFileReference; lastKnownFileType = sourcecode.swift; path = LoadingViewController.swift; sourceTree = "<group>"; };
/* End PBXFileReference section */

/* Begin PBXFrameworksBuildPhase section */
		E4AD239627835CA900477E7A /* Frameworks */ = {
			isa = PBXFrameworksBuildPhase;
			buildActionMask = 2147483647;
			files = (
				008A03D671B24AD90DD712BF /* Pods_Cookpad_Collections.framework in Frameworks */,
			);
			runOnlyForDeploymentPostprocessing = 0;
		};
/* End PBXFrameworksBuildPhase section */

/* Begin PBXGroup section */
		6B49B50525A9E302D3BE652B /* Frameworks */ = {
			isa = PBXGroup;
			children = (
				490D7DA4BF0CAF886A656169 /* Pods_Cookpad_Collections.framework */,
			);
			name = Frameworks;
			sourceTree = "<group>";
		};
		9A2A51E69E01F5137FDAA981 /* Pods */ = {
			isa = PBXGroup;
			children = (
				1D3FF7147C526133F916016A /* Pods-Cookpad Collections.debug.xcconfig */,
				B985E9D73E4C3AD5810C293C /* Pods-Cookpad Collections.release.xcconfig */,
			);
			path = Pods;
			sourceTree = "<group>";
		};
		E4AD239027835CA900477E7A = {
			isa = PBXGroup;
			children = (
				E4AD239B27835CA900477E7A /* Cookpad Collections */,
				E4AD239A27835CA900477E7A /* Products */,
				9A2A51E69E01F5137FDAA981 /* Pods */,
				6B49B50525A9E302D3BE652B /* Frameworks */,
			);
			sourceTree = "<group>";
		};
		E4AD239A27835CA900477E7A /* Products */ = {
			isa = PBXGroup;
			children = (
				E4AD239927835CA900477E7A /* Cookpad Collections.app */,
			);
			name = Products;
			sourceTree = "<group>";
		};
		E4AD239B27835CA900477E7A /* Cookpad Collections */ = {
			isa = PBXGroup;
			children = (
				E4AD239C27835CA900477E7A /* AppDelegate.swift */,
				E4AD239E27835CA900477E7A /* SceneDelegate.swift */,
				E4AD23BF2783B84300477E7A /* Models */,
				E4AD23B42783AE3D00477E7A /* Controllers */,
				E4AD23B52783B17100477E7A /* Views */,
				E4AD23BA2783B1CA00477E7A /* Supporting Files */,
				E4AD23AA27835CAF00477E7A /* Info.plist */,
			);
			path = "Cookpad Collections";
			sourceTree = "<group>";
		};
		E4AD23B42783AE3D00477E7A /* Controllers */ = {
			isa = PBXGroup;
			children = (
				E4AD23A027835CA900477E7A /* RecipeCollectionsViewController.swift */,
				E4AD23B02783ADEE00477E7A /* RecipeListViewController.swift */,
				E4AD23B22783AE1A00477E7A /* RecipeDetailsViewController.swift */,
			);
			path = Controllers;
			sourceTree = "<group>";
		};
		E4AD23B52783B17100477E7A /* Views */ = {
			isa = PBXGroup;
			children = (
				E4AD23A227835CA900477E7A /* Main.storyboard */,
				E4AD23A727835CAF00477E7A /* LaunchScreen.storyboard */,
				E4AD23B62783B18B00477E7A /* RecipeCollectionCell.swift */,
				E4AD23B82783B1A800477E7A /* RecipeCell.swift */,
				E4EF94BF27848D41002A894B /* Helpers */,
			);
			path = Views;
			sourceTree = "<group>";
		};
		E4AD23BA2783B1CA00477E7A /* Supporting Files */ = {
			isa = PBXGroup;
			children = (
				E4AD23A527835CAF00477E7A /* Assets.xcassets */,
				E4AD23BB2783B1D400477E7A /* Constants.swift */,
			);
			path = "Supporting Files";
			sourceTree = "<group>";
		};
		E4AD23BF2783B84300477E7A /* Models */ = {
			isa = PBXGroup;
			children = (
				E4AD23BD2783B82200477E7A /* Recipe.swift */,
				E4AD23C02783B8AA00477E7A /* RecipeCollection.swift */,
				E4AD23C62783B97400477E7A /* Managers */,
			);
			path = Models;
			sourceTree = "<group>";
		};
		E4AD23C62783B97400477E7A /* Managers */ = {
			isa = PBXGroup;
			children = (
				E4AD23C22783B91E00477E7A /* RecipeManager.swift */,
				E4AD23C42783B93C00477E7A /* NetworkManager.swift */,
				E4AD23C72784735400477E7A /* NukeManager.swift */,
			);
			path = Managers;
			sourceTree = "<group>";
		};
		E4EF94BF27848D41002A894B /* Helpers */ = {
			isa = PBXGroup;
			children = (
				E4EF94BD27848D2A002A894B /* RecipesLayoutManager.swift */,
				E4EF94C027848EA7002A894B /* LoadingViewController.swift */,
			);
			path = Helpers;
			sourceTree = "<group>";
		};
/* End PBXGroup section */

/* Begin PBXNativeTarget section */
		E4AD239827835CA900477E7A /* Cookpad Collections */ = {
			isa = PBXNativeTarget;
			buildConfigurationList = E4AD23AD27835CAF00477E7A /* Build configuration list for PBXNativeTarget "Cookpad Collections" */;
			buildPhases = (
				4B983D81F3DDC91F5F0AEE62 /* [CP] Check Pods Manifest.lock */,
				E4AD239527835CA900477E7A /* Sources */,
				E4AD239627835CA900477E7A /* Frameworks */,
				E4AD239727835CA900477E7A /* Resources */,
				98F4CE3C130FDBBC79C5E7C8 /* [CP] Embed Pods Frameworks */,
			);
			buildRules = (
			);
			dependencies = (
			);
			name = "Cookpad Collections";
			productName = "Cookpad Collections";
			productReference = E4AD239927835CA900477E7A /* Cookpad Collections.app */;
			productType = "com.apple.product-type.application";
		};
/* End PBXNativeTarget section */

/* Begin PBXProject section */
		E4AD239127835CA900477E7A /* Project object */ = {
			isa = PBXProject;
			attributes = {
				BuildIndependentTargetsInParallel = 1;
				LastSwiftUpdateCheck = 1300;
				LastUpgradeCheck = 1300;
				TargetAttributes = {
					E4AD239827835CA900477E7A = {
						CreatedOnToolsVersion = 13.0;
					};
				};
			};
			buildConfigurationList = E4AD239427835CA900477E7A /* Build configuration list for PBXProject "Cookpad Collections" */;
			compatibilityVersion = "Xcode 13.0";
			developmentRegion = en;
			hasScannedForEncodings = 0;
			knownRegions = (
				en,
				Base,
			);
			mainGroup = E4AD239027835CA900477E7A;
			productRefGroup = E4AD239A27835CA900477E7A /* Products */;
			projectDirPath = "";
			projectRoot = "";
			targets = (
				E4AD239827835CA900477E7A /* Cookpad Collections */,
			);
		};
/* End PBXProject section */

/* Begin PBXResourcesBuildPhase section */
		E4AD239727835CA900477E7A /* Resources */ = {
			isa = PBXResourcesBuildPhase;
			buildActionMask = 2147483647;
			files = (
				E4AD23A927835CAF00477E7A /* LaunchScreen.storyboard in Resources */,
				E4AD23A627835CAF00477E7A /* Assets.xcassets in Resources */,
				E4AD23A427835CA900477E7A /* Main.storyboard in Resources */,
			);
			runOnlyForDeploymentPostprocessing = 0;
		};
/* End PBXResourcesBuildPhase section */

/* Begin PBXShellScriptBuildPhase section */
		4B983D81F3DDC91F5F0AEE62 /* [CP] Check Pods Manifest.lock */ = {
			isa = PBXShellScriptBuildPhase;
			buildActionMask = 2147483647;
			files = (
			);
			inputFileListPaths = (
			);
			inputPaths = (
				"${PODS_PODFILE_DIR_PATH}/Podfile.lock",
				"${PODS_ROOT}/Manifest.lock",
			);
			name = "[CP] Check Pods Manifest.lock";
			outputFileListPaths = (
			);
			outputPaths = (
				"$(DERIVED_FILE_DIR)/Pods-Cookpad Collections-checkManifestLockResult.txt",
			);
			runOnlyForDeploymentPostprocessing = 0;
			shellPath = /bin/sh;
			shellScript = "diff \"${PODS_PODFILE_DIR_PATH}/Podfile.lock\" \"${PODS_ROOT}/Manifest.lock\" > /dev/null\nif [ $? != 0 ] ; then\n    # print error to STDERR\n    echo \"error: The sandbox is not in sync with the Podfile.lock. Run 'pod install' or update your CocoaPods installation.\" >&2\n    exit 1\nfi\n# This output is used by Xcode 'outputs' to avoid re-running this script phase.\necho \"SUCCESS\" > \"${SCRIPT_OUTPUT_FILE_0}\"\n";
			showEnvVarsInLog = 0;
		};
		98F4CE3C130FDBBC79C5E7C8 /* [CP] Embed Pods Frameworks */ = {
			isa = PBXShellScriptBuildPhase;
			buildActionMask = 2147483647;
			files = (
			);
			inputFileListPaths = (
				"${PODS_ROOT}/Target Support Files/Pods-Cookpad Collections/Pods-Cookpad Collections-frameworks-${CONFIGURATION}-input-files.xcfilelist",
			);
			name = "[CP] Embed Pods Frameworks";
			outputFileListPaths = (
				"${PODS_ROOT}/Target Support Files/Pods-Cookpad Collections/Pods-Cookpad Collections-frameworks-${CONFIGURATION}-output-files.xcfilelist",
			);
			runOnlyForDeploymentPostprocessing = 0;
			shellPath = /bin/sh;
			shellScript = "\"${PODS_ROOT}/Target Support Files/Pods-Cookpad Collections/Pods-Cookpad Collections-frameworks.sh\"\n";
			showEnvVarsInLog = 0;
		};
/* End PBXShellScriptBuildPhase section */

/* Begin PBXSourcesBuildPhase section */
		E4AD239527835CA900477E7A /* Sources */ = {
			isa = PBXSourcesBuildPhase;
			buildActionMask = 2147483647;
			files = (
				E4AD23C52783B93C00477E7A /* NetworkManager.swift in Sources */,
				E4AD23C82784735400477E7A /* NukeManager.swift in Sources */,
				E4EF94C127848EA7002A894B /* LoadingViewController.swift in Sources */,
				E4AD23B12783ADEE00477E7A /* RecipeListViewController.swift in Sources */,
				E4AD23C12783B8AA00477E7A /* RecipeCollection.swift in Sources */,
				E4AD23A127835CA900477E7A /* RecipeCollectionsViewController.swift in Sources */,
				E4AD239D27835CA900477E7A /* AppDelegate.swift in Sources */,
				E4AD23B92783B1A800477E7A /* RecipeCell.swift in Sources */,
				E4AD23B72783B18B00477E7A /* RecipeCollectionCell.swift in Sources */,
				E4AD23C32783B91E00477E7A /* RecipeManager.swift in Sources */,
				E4EF94BE27848D2A002A894B /* RecipesLayoutManager.swift in Sources */,
				E4AD23B32783AE1A00477E7A /* RecipeDetailsViewController.swift in Sources */,
				E4AD23BE2783B82200477E7A /* Recipe.swift in Sources */,
				E4AD239F27835CA900477E7A /* SceneDelegate.swift in Sources */,
				E4AD23BC2783B1D400477E7A /* Constants.swift in Sources */,
			);
			runOnlyForDeploymentPostprocessing = 0;
		};
/* End PBXSourcesBuildPhase section */

/* Begin PBXVariantGroup section */
		E4AD23A227835CA900477E7A /* Main.storyboard */ = {
			isa = PBXVariantGroup;
			children = (
				E4AD23A327835CA900477E7A /* Base */,
			);
			name = Main.storyboard;
			sourceTree = "<group>";
		};
		E4AD23A727835CAF00477E7A /* LaunchScreen.storyboard */ = {
			isa = PBXVariantGroup;
			children = (
				E4AD23A827835CAF00477E7A /* Base */,
			);
			name = LaunchScreen.storyboard;
			sourceTree = "<group>";
		};
/* End PBXVariantGroup section */

/* Begin XCBuildConfiguration section */
		E4AD23AB27835CAF00477E7A /* Debug */ = {
			isa = XCBuildConfiguration;
			buildSettings = {
				ALWAYS_SEARCH_USER_PATHS = NO;
				CLANG_ANALYZER_NONNULL = YES;
				CLANG_ANALYZER_NUMBER_OBJECT_CONVERSION = YES_AGGRESSIVE;
				CLANG_CXX_LANGUAGE_STANDARD = "gnu++17";
				CLANG_CXX_LIBRARY = "libc++";
				CLANG_ENABLE_MODULES = YES;
				CLANG_ENABLE_OBJC_ARC = YES;
				CLANG_ENABLE_OBJC_WEAK = YES;
				CLANG_WARN_BLOCK_CAPTURE_AUTORELEASING = YES;
				CLANG_WARN_BOOL_CONVERSION = YES;
				CLANG_WARN_COMMA = YES;
				CLANG_WARN_CONSTANT_CONVERSION = YES;
				CLANG_WARN_DEPRECATED_OBJC_IMPLEMENTATIONS = YES;
				CLANG_WARN_DIRECT_OBJC_ISA_USAGE = YES_ERROR;
				CLANG_WARN_DOCUMENTATION_COMMENTS = YES;
				CLANG_WARN_EMPTY_BODY = YES;
				CLANG_WARN_ENUM_CONVERSION = YES;
				CLANG_WARN_INFINITE_RECURSION = YES;
				CLANG_WARN_INT_CONVERSION = YES;
				CLANG_WARN_NON_LITERAL_NULL_CONVERSION = YES;
				CLANG_WARN_OBJC_IMPLICIT_RETAIN_SELF = YES;
				CLANG_WARN_OBJC_LITERAL_CONVERSION = YES;
				CLANG_WARN_OBJC_ROOT_CLASS = YES_ERROR;
				CLANG_WARN_QUOTED_INCLUDE_IN_FRAMEWORK_HEADER = YES;
				CLANG_WARN_RANGE_LOOP_ANALYSIS = YES;
				CLANG_WARN_STRICT_PROTOTYPES = YES;
				CLANG_WARN_SUSPICIOUS_MOVE = YES;
				CLANG_WARN_UNGUARDED_AVAILABILITY = YES_AGGRESSIVE;
				CLANG_WARN_UNREACHABLE_CODE = YES;
				CLANG_WARN__DUPLICATE_METHOD_MATCH = YES;
				COPY_PHASE_STRIP = NO;
				DEBUG_INFORMATION_FORMAT = dwarf;
				ENABLE_STRICT_OBJC_MSGSEND = YES;
				ENABLE_TESTABILITY = YES;
				GCC_C_LANGUAGE_STANDARD = gnu11;
				GCC_DYNAMIC_NO_PIC = NO;
				GCC_NO_COMMON_BLOCKS = YES;
				GCC_OPTIMIZATION_LEVEL = 0;
				GCC_PREPROCESSOR_DEFINITIONS = (
					"DEBUG=1",
					"$(inherited)",
				);
				GCC_WARN_64_TO_32_BIT_CONVERSION = YES;
				GCC_WARN_ABOUT_RETURN_TYPE = YES_ERROR;
				GCC_WARN_UNDECLARED_SELECTOR = YES;
				GCC_WARN_UNINITIALIZED_AUTOS = YES_AGGRESSIVE;
				GCC_WARN_UNUSED_FUNCTION = YES;
				GCC_WARN_UNUSED_VARIABLE = YES;
				IPHONEOS_DEPLOYMENT_TARGET = 15.0;
				MTL_ENABLE_DEBUG_INFO = INCLUDE_SOURCE;
				MTL_FAST_MATH = YES;
				ONLY_ACTIVE_ARCH = YES;
				SDKROOT = iphoneos;
				SWIFT_ACTIVE_COMPILATION_CONDITIONS = DEBUG;
				SWIFT_OPTIMIZATION_LEVEL = "-Onone";
			};
			name = Debug;
		};
		E4AD23AC27835CAF00477E7A /* Release */ = {
			isa = XCBuildConfiguration;
			buildSettings = {
				ALWAYS_SEARCH_USER_PATHS = NO;
				CLANG_ANALYZER_NONNULL = YES;
				CLANG_ANALYZER_NUMBER_OBJECT_CONVERSION = YES_AGGRESSIVE;
				CLANG_CXX_LANGUAGE_STANDARD = "gnu++17";
				CLANG_CXX_LIBRARY = "libc++";
				CLANG_ENABLE_MODULES = YES;
				CLANG_ENABLE_OBJC_ARC = YES;
				CLANG_ENABLE_OBJC_WEAK = YES;
				CLANG_WARN_BLOCK_CAPTURE_AUTORELEASING = YES;
				CLANG_WARN_BOOL_CONVERSION = YES;
				CLANG_WARN_COMMA = YES;
				CLANG_WARN_CONSTANT_CONVERSION = YES;
				CLANG_WARN_DEPRECATED_OBJC_IMPLEMENTATIONS = YES;
				CLANG_WARN_DIRECT_OBJC_ISA_USAGE = YES_ERROR;
				CLANG_WARN_DOCUMENTATION_COMMENTS = YES;
				CLANG_WARN_EMPTY_BODY = YES;
				CLANG_WARN_ENUM_CONVERSION = YES;
				CLANG_WARN_INFINITE_RECURSION = YES;
				CLANG_WARN_INT_CONVERSION = YES;
				CLANG_WARN_NON_LITERAL_NULL_CONVERSION = YES;
				CLANG_WARN_OBJC_IMPLICIT_RETAIN_SELF = YES;
				CLANG_WARN_OBJC_LITERAL_CONVERSION = YES;
				CLANG_WARN_OBJC_ROOT_CLASS = YES_ERROR;
				CLANG_WARN_QUOTED_INCLUDE_IN_FRAMEWORK_HEADER = YES;
				CLANG_WARN_RANGE_LOOP_ANALYSIS = YES;
				CLANG_WARN_STRICT_PROTOTYPES = YES;
				CLANG_WARN_SUSPICIOUS_MOVE = YES;
				CLANG_WARN_UNGUARDED_AVAILABILITY = YES_AGGRESSIVE;
				CLANG_WARN_UNREACHABLE_CODE = YES;
				CLANG_WARN__DUPLICATE_METHOD_MATCH = YES;
				COPY_PHASE_STRIP = NO;
				DEBUG_INFORMATION_FORMAT = "dwarf-with-dsym";
				ENABLE_NS_ASSERTIONS = NO;
				ENABLE_STRICT_OBJC_MSGSEND = YES;
				GCC_C_LANGUAGE_STANDARD = gnu11;
				GCC_NO_COMMON_BLOCKS = YES;
				GCC_WARN_64_TO_32_BIT_CONVERSION = YES;
				GCC_WARN_ABOUT_RETURN_TYPE = YES_ERROR;
				GCC_WARN_UNDECLARED_SELECTOR = YES;
				GCC_WARN_UNINITIALIZED_AUTOS = YES_AGGRESSIVE;
				GCC_WARN_UNUSED_FUNCTION = YES;
				GCC_WARN_UNUSED_VARIABLE = YES;
				IPHONEOS_DEPLOYMENT_TARGET = 15.0;
				MTL_ENABLE_DEBUG_INFO = NO;
				MTL_FAST_MATH = YES;
				SDKROOT = iphoneos;
				SWIFT_COMPILATION_MODE = wholemodule;
				SWIFT_OPTIMIZATION_LEVEL = "-O";
				VALIDATE_PRODUCT = YES;
			};
			name = Release;
		};
		E4AD23AE27835CAF00477E7A /* Debug */ = {
			isa = XCBuildConfiguration;
			baseConfigurationReference = 1D3FF7147C526133F916016A /* Pods-Cookpad Collections.debug.xcconfig */;
			buildSettings = {
				ASSETCATALOG_COMPILER_APPICON_NAME = AppIcon;
				ASSETCATALOG_COMPILER_GLOBAL_ACCENT_COLOR_NAME = AccentColor;
				CODE_SIGN_STYLE = Automatic;
				CURRENT_PROJECT_VERSION = 1;
				DEVELOPMENT_TEAM = 78U3X38B3F;
				GENERATE_INFOPLIST_FILE = YES;
				INFOPLIST_FILE = "Cookpad Collections/Info.plist";
				INFOPLIST_KEY_UIApplicationSupportsIndirectInputEvents = YES;
				INFOPLIST_KEY_UILaunchStoryboardName = LaunchScreen;
				INFOPLIST_KEY_UIMainStoryboardFile = Main;
				INFOPLIST_KEY_UISupportedInterfaceOrientations = UIInterfaceOrientationPortrait;
				INFOPLIST_KEY_UISupportedInterfaceOrientations_iPad = "UIInterfaceOrientationPortrait UIInterfaceOrientationPortraitUpsideDown UIInterfaceOrientationLandscapeLeft UIInterfaceOrientationLandscapeRight";
				INFOPLIST_KEY_UISupportedInterfaceOrientations_iPhone = "UIInterfaceOrientationPortrait UIInterfaceOrientationLandscapeLeft UIInterfaceOrientationLandscapeRight";
				IPHONEOS_DEPLOYMENT_TARGET = 14.0;
				LD_RUNPATH_SEARCH_PATHS = (
					"$(inherited)",
					"@executable_path/Frameworks",
				);
				MARKETING_VERSION = 1.0;
				PRODUCT_BUNDLE_IDENTIFIER = "com.hellogoodman.Cookpad-Collections";
				PRODUCT_NAME = "$(TARGET_NAME)";
				SWIFT_EMIT_LOC_STRINGS = YES;
				SWIFT_VERSION = 5.0;
				TARGETED_DEVICE_FAMILY = "1,2";
			};
			name = Debug;
		};
		E4AD23AF27835CAF00477E7A /* Release */ = {
			isa = XCBuildConfiguration;
			baseConfigurationReference = B985E9D73E4C3AD5810C293C /* Pods-Cookpad Collections.release.xcconfig */;
			buildSettings = {
				ASSETCATALOG_COMPILER_APPICON_NAME = AppIcon;
				ASSETCATALOG_COMPILER_GLOBAL_ACCENT_COLOR_NAME = AccentColor;
				CODE_SIGN_STYLE = Automatic;
				CURRENT_PROJECT_VERSION = 1;
				DEVELOPMENT_TEAM = 78U3X38B3F;
				GENERATE_INFOPLIST_FILE = YES;
				INFOPLIST_FILE = "Cookpad Collections/Info.plist";
				INFOPLIST_KEY_UIApplicationSupportsIndirectInputEvents = YES;
				INFOPLIST_KEY_UILaunchStoryboardName = LaunchScreen;
				INFOPLIST_KEY_UIMainStoryboardFile = Main;
				INFOPLIST_KEY_UISupportedInterfaceOrientations = UIInterfaceOrientationPortrait;
				INFOPLIST_KEY_UISupportedInterfaceOrientations_iPad = "UIInterfaceOrientationPortrait UIInterfaceOrientationPortraitUpsideDown UIInterfaceOrientationLandscapeLeft UIInterfaceOrientationLandscapeRight";
				INFOPLIST_KEY_UISupportedInterfaceOrientations_iPhone = "UIInterfaceOrientationPortrait UIInterfaceOrientationLandscapeLeft UIInterfaceOrientationLandscapeRight";
				IPHONEOS_DEPLOYMENT_TARGET = 14.0;
				LD_RUNPATH_SEARCH_PATHS = (
					"$(inherited)",
					"@executable_path/Frameworks",
				);
				MARKETING_VERSION = 1.0;
				PRODUCT_BUNDLE_IDENTIFIER = "com.hellogoodman.Cookpad-Collections";
				PRODUCT_NAME = "$(TARGET_NAME)";
				SWIFT_EMIT_LOC_STRINGS = YES;
				SWIFT_VERSION = 5.0;
				TARGETED_DEVICE_FAMILY = "1,2";
			};
			name = Release;
		};
/* End XCBuildConfiguration section */

/* Begin XCConfigurationList section */
		E4AD239427835CA900477E7A /* Build configuration list for PBXProject "Cookpad Collections" */ = {
			isa = XCConfigurationList;
			buildConfigurations = (
				E4AD23AB27835CAF00477E7A /* Debug */,
				E4AD23AC27835CAF00477E7A /* Release */,
			);
			defaultConfigurationIsVisible = 0;
			defaultConfigurationName = Release;
		};
		E4AD23AD27835CAF00477E7A /* Build configuration list for PBXNativeTarget "Cookpad Collections" */ = {
			isa = XCConfigurationList;
			buildConfigurations = (
				E4AD23AE27835CAF00477E7A /* Debug */,
				E4AD23AF27835CAF00477E7A /* Release */,
			);
			defaultConfigurationIsVisible = 0;
			defaultConfigurationName = Release;
		};
/* End XCConfigurationList section */
	};
	rootObject = E4AD239127835CA900477E7A /* Project object */;
}
